
Microsoft Visual Studio Solution File, Format Version 12.00
# Visual Studio 15
VisualStudioVersion = 15.0.28307.757
MinimumVisualStudioVersion = 10.0.40219.1
Project("{9A19103F-16F7-4668-BE54-9A1E7A4F7556}") = "Scoop", "Scoop\Scoop.csproj", "{9E368ACF-FCB7-41E9-81BB-7BB68239F382}"
EndProject
Project("{9A19103F-16F7-4668-BE54-9A1E7A4F7556}") = "Scoop.Tests", "Scoop.Tests\Scoop.Tests.csproj", "{0E16B05F-9CC3-425A-85B3-994A2EF25840}"
EndProject
Project("{FAE04EC0-301F-11D3-BF4B-00C04F79EFBC}") = "Scoop.Cli", "Scoop.Cli\Scoop.Cli.csproj", "{1C9FCFC6-17F6-4BA4-8382-85D4DC6B16A5}"
EndProject
Global
	GlobalSection(SolutionConfigurationPlatforms) = preSolution
		Debug|Any CPU = Debug|Any CPU
		Release|Any CPU = Release|Any CPU
	EndGlobalSection
	GlobalSection(ProjectConfigurationPlatforms) = postSolution
		{9E368ACF-FCB7-41E9-81BB-7BB68239F382}.Debug|Any CPU.ActiveCfg = Debug|Any CPU
		{9E368ACF-FCB7-41E9-81BB-7BB68239F382}.Debug|Any CPU.Build.0 = Debug|Any CPU
		{9E368ACF-FCB7-41E9-81BB-7BB68239F382}.Release|Any CPU.ActiveCfg = Release|Any CPU
		{9E368ACF-FCB7-41E9-81BB-7BB68239F382}.Release|Any CPU.Build.0 = Release|Any CPU
		{0E16B05F-9CC3-425A-85B3-994A2EF25840}.Debug|Any CPU.ActiveCfg = Debug|Any CPU
		{0E16B05F-9CC3-425A-85B3-994A2EF25840}.Debug|Any CPU.Build.0 = Debug|Any CPU
		{0E16B05F-9CC3-425A-85B3-994A2EF25840}.Release|Any CPU.ActiveCfg = Release|Any CPU
		{0E16B05F-9CC3-425A-85B3-994A2EF25840}.Release|Any CPU.Build.0 = Release|Any CPU
		{1C9FCFC6-17F6-4BA4-8382-85D4DC6B16A5}.Debug|Any CPU.ActiveCfg = Debug|Any CPU
		{1C9FCFC6-17F6-4BA4-8382-85D4DC6B16A5}.Debug|Any CPU.Build.0 = Debug|Any CPU
		{1C9FCFC6-17F6-4BA4-8382-85D4DC6B16A5}.Release|Any CPU.ActiveCfg = Release|Any CPU
		{1C9FCFC6-17F6-4BA4-8382-85D4DC6B16A5}.Release|Any CPU.Build.0 = Release|Any CPU
	EndGlobalSection
	GlobalSection(SolutionProperties) = preSolution
		HideSolutionNode = FALSE
	EndGlobalSection
	GlobalSection(ExtensibilityGlobals) = postSolution
		SolutionGuid = {9A2BF2D7-F82A-4E19-B4E3-8EE2E1D87627}
	EndGlobalSection
EndGlobal
