
Microsoft Visual Studio Solution File, Format Version 12.00
# Visual Studio Version 16
VisualStudioVersion = 16.0.29306.81
MinimumVisualStudioVersion = 10.0.40219.1
Project("{9A19103F-16F7-4668-BE54-9A1E7A4F7556}") = "Scoop", "Scoop\Scoop.csproj", "{9E368ACF-FCB7-41E9-81BB-7BB68239F382}"
EndProject
Project("{9A19103F-16F7-4668-BE54-9A1E7A4F7556}") = "Scoop.Tests", "Scoop.Tests\Scoop.Tests.csproj", "{0E16B05F-9CC3-425A-85B3-994A2EF25840}"
EndProject
Project("{9A19103F-16F7-4668-BE54-9A1E7A4F7556}") = "Scoop.Cli", "Scoop.Cli\Scoop.Cli.csproj", "{1C9FCFC6-17F6-4BA4-8382-85D4DC6B16A5}"
EndProject
Project("{9A19103F-16F7-4668-BE54-9A1E7A4F7556}") = "Scoop.Example", "Scoop.Example\Scoop.Example.csproj", "{C29DBF98-EB31-468B-92DA-FDA15790B715}"
	ProjectSection(ProjectDependencies) = postProject
		{1C9FCFC6-17F6-4BA4-8382-85D4DC6B16A5} = {1C9FCFC6-17F6-4BA4-8382-85D4DC6B16A5}
	EndProjectSection
EndProject
Project("{2150E333-8FDC-42A3-9474-1A3956D46DE8}") = "Solution Items", "Solution Items", "{1A7A0CF4-6CA4-43A8-9E89-C57DE43FC04C}"
	ProjectSection(SolutionItems) = preProject
		L1.md = L1.md
	EndProjectSection
EndProject
Project("{2150E333-8FDC-42A3-9474-1A3956D46DE8}") = "Utility", "Utility", "{5517C140-5CD2-4244-8B93-5CBC730CD149}"
EndProject
Project("{FAE04EC0-301F-11D3-BF4B-00C04F79EFBC}") = "Scoop.GrammarGenerator", "Scoop.GrammarGenerator\Scoop.GrammarGenerator.csproj", "{496F50A9-8396-4520-938E-5457939277B6}"
EndProject
Global
	GlobalSection(SolutionConfigurationPlatforms) = preSolution
		Debug|Any CPU = Debug|Any CPU
		Release|Any CPU = Release|Any CPU
	EndGlobalSection
	GlobalSection(ProjectConfigurationPlatforms) = postSolution
		{9E368ACF-FCB7-41E9-81BB-7BB68239F382}.Debug|Any CPU.ActiveCfg = Debug|Any CPU
		{9E368ACF-FCB7-41E9-81BB-7BB68239F382}.Debug|Any CPU.Build.0 = Debug|Any CPU
		{9E368ACF-FCB7-41E9-81BB-7BB68239F382}.Release|Any CPU.ActiveCfg = Release|Any CPU
		{9E368ACF-FCB7-41E9-81BB-7BB68239F382}.Release|Any CPU.Build.0 = Release|Any CPU
		{0E16B05F-9CC3-425A-85B3-994A2EF25840}.Debug|Any CPU.ActiveCfg = Debug|Any CPU
		{0E16B05F-9CC3-425A-85B3-994A2EF25840}.Debug|Any CPU.Build.0 = Debug|Any CPU
		{0E16B05F-9CC3-425A-85B3-994A2EF25840}.Release|Any CPU.ActiveCfg = Release|Any CPU
		{0E16B05F-9CC3-425A-85B3-994A2EF25840}.Release|Any CPU.Build.0 = Release|Any CPU
		{1C9FCFC6-17F6-4BA4-8382-85D4DC6B16A5}.Debug|Any CPU.ActiveCfg = Debug|Any CPU
		{1C9FCFC6-17F6-4BA4-8382-85D4DC6B16A5}.Debug|Any CPU.Build.0 = Debug|Any CPU
		{1C9FCFC6-17F6-4BA4-8382-85D4DC6B16A5}.Release|Any CPU.ActiveCfg = Release|Any CPU
		{1C9FCFC6-17F6-4BA4-8382-85D4DC6B16A5}.Release|Any CPU.Build.0 = Release|Any CPU
		{C29DBF98-EB31-468B-92DA-FDA15790B715}.Debug|Any CPU.ActiveCfg = Debug|Any CPU
		{C29DBF98-EB31-468B-92DA-FDA15790B715}.Debug|Any CPU.Build.0 = Debug|Any CPU
		{C29DBF98-EB31-468B-92DA-FDA15790B715}.Release|Any CPU.ActiveCfg = Release|Any CPU
		{C29DBF98-EB31-468B-92DA-FDA15790B715}.Release|Any CPU.Build.0 = Release|Any CPU
		{496F50A9-8396-4520-938E-5457939277B6}.Debug|Any CPU.ActiveCfg = Debug|Any CPU
		{496F50A9-8396-4520-938E-5457939277B6}.Debug|Any CPU.Build.0 = Debug|Any CPU
		{496F50A9-8396-4520-938E-5457939277B6}.Release|Any CPU.ActiveCfg = Release|Any CPU
		{496F50A9-8396-4520-938E-5457939277B6}.Release|Any CPU.Build.0 = Release|Any CPU
	EndGlobalSection
	GlobalSection(SolutionProperties) = preSolution
		HideSolutionNode = FALSE
	EndGlobalSection
	GlobalSection(NestedProjects) = preSolution
		{496F50A9-8396-4520-938E-5457939277B6} = {5517C140-5CD2-4244-8B93-5CBC730CD149}
	EndGlobalSection
	GlobalSection(ExtensibilityGlobals) = postSolution
		SolutionGuid = {9A2BF2D7-F82A-4E19-B4E3-8EE2E1D87627}
	EndGlobalSection
EndGlobal
